
Microsoft Visual Studio Solution File, Format Version 12.00
# Visual Studio Version 17
VisualStudioVersion = 17.0.31912.275
MinimumVisualStudioVersion = 10.0.40219.1
Project("{9A19103F-16F7-4668-BE54-9A1E7A4F7556}") = "Grs.Sage.Wms.Api", "Uni.Sage.Api\Grs.Sage.Wms.Api.csproj", "{BB0E1E04-CAB8-4B3E-97DD-5C0D5E2AE0C9}"
EndProject
Project("{2150E333-8FDC-42A3-9474-1A3956D46DE8}") = "Solution Items", "Solution Items", "{1B732127-37AC-48CD-85AA-1115D5F0CF3D}"
	ProjectSection(SolutionItems) = preProject
		Run Watch.bat = Run Watch.bat
	EndProjectSection
EndProject
Project("{9A19103F-16F7-4668-BE54-9A1E7A4F7556}") = "Uni.Sage.Shared", "Uni.Sage.Shared\Uni.Sage.Shared.csproj", "{B766A53A-F8E1-407A-BA0A-03C54686FEA5}"
EndProject
Project("{9A19103F-16F7-4668-BE54-9A1E7A4F7556}") = "Uni.Sage.Domain", "Uni.Sage.Domain\Uni.Sage.Domain.csproj", "{DFE56172-5F75-475B-ABD5-90A445F42AE6}"
EndProject
Project("{9A19103F-16F7-4668-BE54-9A1E7A4F7556}") = "Uni.Sage.Infrastructures", "Uni.Sage.Infrastructures\Uni.Sage.Infrastructures.csproj", "{3E8137C3-8054-4EE9-BBAA-1F06A077C81D}"
EndProject
Project("{9A19103F-16F7-4668-BE54-9A1E7A4F7556}") = "Uni.Sage.Application", "Uni.Sage.Application\Uni.Sage.Application.csproj", "{411EE240-94C9-457A-9A5A-0540CAC5AA64}"
EndProject
Project("{FAE04EC0-301F-11D3-BF4B-00C04F79EFBC}") = "Grs.Sage.ObjectMetiers.console", "Grs.Sage.ObjectMetiers.console\Grs.Sage.ObjectMetiers.console.csproj", "{69C66455-4330-462A-BD06-18C7E752FD61}"
EndProject
Project("{FAE04EC0-301F-11D3-BF4B-00C04F79EFBC}") = "ConsoleApp1", "ConsoleApp1\ConsoleApp1.csproj", "{DCD76A71-EBC9-4DB6-9130-BB65C3692992}"
EndProject
Global
	GlobalSection(SolutionConfigurationPlatforms) = preSolution
		Debug|Any CPU = Debug|Any CPU
		Release|Any CPU = Release|Any CPU
	EndGlobalSection
	GlobalSection(ProjectConfigurationPlatforms) = postSolution
		{BB0E1E04-CAB8-4B3E-97DD-5C0D5E2AE0C9}.Debug|Any CPU.ActiveCfg = Debug|Any CPU
		{BB0E1E04-CAB8-4B3E-97DD-5C0D5E2AE0C9}.Debug|Any CPU.Build.0 = Debug|Any CPU
		{BB0E1E04-CAB8-4B3E-97DD-5C0D5E2AE0C9}.Release|Any CPU.ActiveCfg = Release|Any CPU
		{BB0E1E04-CAB8-4B3E-97DD-5C0D5E2AE0C9}.Release|Any CPU.Build.0 = Release|Any CPU
		{B766A53A-F8E1-407A-BA0A-03C54686FEA5}.Debug|Any CPU.ActiveCfg = Debug|Any CPU
		{B766A53A-F8E1-407A-BA0A-03C54686FEA5}.Debug|Any CPU.Build.0 = Debug|Any CPU
		{B766A53A-F8E1-407A-BA0A-03C54686FEA5}.Release|Any CPU.ActiveCfg = Release|Any CPU
		{B766A53A-F8E1-407A-BA0A-03C54686FEA5}.Release|Any CPU.Build.0 = Release|Any CPU
		{DFE56172-5F75-475B-ABD5-90A445F42AE6}.Debug|Any CPU.ActiveCfg = Debug|Any CPU
		{DFE56172-5F75-475B-ABD5-90A445F42AE6}.Debug|Any CPU.Build.0 = Debug|Any CPU
		{DFE56172-5F75-475B-ABD5-90A445F42AE6}.Release|Any CPU.ActiveCfg = Release|Any CPU
		{DFE56172-5F75-475B-ABD5-90A445F42AE6}.Release|Any CPU.Build.0 = Release|Any CPU
		{3E8137C3-8054-4EE9-BBAA-1F06A077C81D}.Debug|Any CPU.ActiveCfg = Debug|Any CPU
		{3E8137C3-8054-4EE9-BBAA-1F06A077C81D}.Debug|Any CPU.Build.0 = Debug|Any CPU
		{3E8137C3-8054-4EE9-BBAA-1F06A077C81D}.Release|Any CPU.ActiveCfg = Release|Any CPU
		{3E8137C3-8054-4EE9-BBAA-1F06A077C81D}.Release|Any CPU.Build.0 = Release|Any CPU
		{411EE240-94C9-457A-9A5A-0540CAC5AA64}.Debug|Any CPU.ActiveCfg = Debug|Any CPU
		{411EE240-94C9-457A-9A5A-0540CAC5AA64}.Debug|Any CPU.Build.0 = Debug|Any CPU
		{411EE240-94C9-457A-9A5A-0540CAC5AA64}.Release|Any CPU.ActiveCfg = Release|Any CPU
		{411EE240-94C9-457A-9A5A-0540CAC5AA64}.Release|Any CPU.Build.0 = Release|Any CPU
		{69C66455-4330-462A-BD06-18C7E752FD61}.Debug|Any CPU.ActiveCfg = Debug|Any CPU
		{69C66455-4330-462A-BD06-18C7E752FD61}.Debug|Any CPU.Build.0 = Debug|Any CPU
		{69C66455-4330-462A-BD06-18C7E752FD61}.Release|Any CPU.ActiveCfg = Release|Any CPU
		{69C66455-4330-462A-BD06-18C7E752FD61}.Release|Any CPU.Build.0 = Release|Any CPU
		{DCD76A71-EBC9-4DB6-9130-BB65C3692992}.Debug|Any CPU.ActiveCfg = Debug|Any CPU
		{DCD76A71-EBC9-4DB6-9130-BB65C3692992}.Debug|Any CPU.Build.0 = Debug|Any CPU
		{DCD76A71-EBC9-4DB6-9130-BB65C3692992}.Release|Any CPU.ActiveCfg = Release|Any CPU
		{DCD76A71-EBC9-4DB6-9130-BB65C3692992}.Release|Any CPU.Build.0 = Release|Any CPU
	EndGlobalSection
	GlobalSection(SolutionProperties) = preSolution
		HideSolutionNode = FALSE
	EndGlobalSection
	GlobalSection(ExtensibilityGlobals) = postSolution
		SolutionGuid = {CD162E94-12A1-4E8E-B43B-C6796C34013D}
	EndGlobalSection
EndGlobal
